
Microsoft Visual Studio Solution File, Format Version 12.00
# Visual Studio 15
VisualStudioVersion = 15.0.28307.645
MinimumVisualStudioVersion = 10.0.40219.1
Project("{FAE04EC0-301F-11D3-BF4B-00C04F79EFBC}") = "Transporter_Bercut v.2", "Transporter_Bercut v.2\Transporter_Bercut v.2.csproj", "{BA858515-A95D-489E-BD0E-27FFFFBC58B4}"
EndProject
Global
	GlobalSection(SolutionConfigurationPlatforms) = preSolution
		Debug|Any CPU = Debug|Any CPU
		Release|Any CPU = Release|Any CPU
	EndGlobalSection
	GlobalSection(ProjectConfigurationPlatforms) = postSolution
		{BA858515-A95D-489E-BD0E-27FFFFBC58B4}.Debug|Any CPU.ActiveCfg = Debug|Any CPU
		{BA858515-A95D-489E-BD0E-27FFFFBC58B4}.Debug|Any CPU.Build.0 = Debug|Any CPU
		{BA858515-A95D-489E-BD0E-27FFFFBC58B4}.Release|Any CPU.ActiveCfg = Release|Any CPU
		{BA858515-A95D-489E-BD0E-27FFFFBC58B4}.Release|Any CPU.Build.0 = Release|Any CPU
	EndGlobalSection
	GlobalSection(SolutionProperties) = preSolution
		HideSolutionNode = FALSE
	EndGlobalSection
	GlobalSection(ExtensibilityGlobals) = postSolution
		SolutionGuid = {FBD5EA66-8372-4552-8BCD-42C8394D3B4B}
	EndGlobalSection
EndGlobal
